
Microsoft Visual Studio Solution File, Format Version 12.00
# Visual Studio Version 17
VisualStudioVersion = 17.7.34302.85
MinimumVisualStudioVersion = 10.0.40219.1
Project("{8BC9CEB8-8B4A-11D0-8D11-00A0C91BC942}") = "explicit_template_instantiation", "explicit_template_instantiation\explicit_template_instantiation.vcxproj", "{B2B4A2AF-0D4E-4AFA-90FF-DBB06EAD5723}"
EndProject
Global
	GlobalSection(SolutionConfigurationPlatforms) = preSolution
		Debug|x64 = Debug|x64
		Debug|x86 = Debug|x86
		Release|x64 = Release|x64
		Release|x86 = Release|x86
	EndGlobalSection
	GlobalSection(ProjectConfigurationPlatforms) = postSolution
		{B2B4A2AF-0D4E-4AFA-90FF-DBB06EAD5723}.Debug|x64.ActiveCfg = Debug|x64
		{B2B4A2AF-0D4E-4AFA-90FF-DBB06EAD5723}.Debug|x64.Build.0 = Debug|x64
		{B2B4A2AF-0D4E-4AFA-90FF-DBB06EAD5723}.Debug|x86.ActiveCfg = Debug|Win32
		{B2B4A2AF-0D4E-4AFA-90FF-DBB06EAD5723}.Debug|x86.Build.0 = Debug|Win32
		{B2B4A2AF-0D4E-4AFA-90FF-DBB06EAD5723}.Release|x64.ActiveCfg = Release|x64
		{B2B4A2AF-0D4E-4AFA-90FF-DBB06EAD5723}.Release|x64.Build.0 = Release|x64
		{B2B4A2AF-0D4E-4AFA-90FF-DBB06EAD5723}.Release|x86.ActiveCfg = Release|Win32
		{B2B4A2AF-0D4E-4AFA-90FF-DBB06EAD5723}.Release|x86.Build.0 = Release|Win32
	EndGlobalSection
	GlobalSection(SolutionProperties) = preSolution
		HideSolutionNode = FALSE
	EndGlobalSection
	GlobalSection(ExtensibilityGlobals) = postSolution
		SolutionGuid = {C164ECB0-9880-4662-AD8C-4BB5D9D78913}
	EndGlobalSection
EndGlobal
