
Microsoft Visual Studio Solution File, Format Version 12.00
# Visual Studio Version 17
VisualStudioVersion = 17.8.34330.188
MinimumVisualStudioVersion = 10.0.40219.1
Project("{8BC9CEB8-8B4A-11D0-8D11-00A0C91BC942}") = "homework_04_05_01", "homework_04_05_01\homework_04_05_01.vcxproj", "{8548EFE2-7EF6-48FD-9779-160744342906}"
EndProject
Global
	GlobalSection(SolutionConfigurationPlatforms) = preSolution
		Debug|x64 = Debug|x64
		Debug|x86 = Debug|x86
		Release|x64 = Release|x64
		Release|x86 = Release|x86
	EndGlobalSection
	GlobalSection(ProjectConfigurationPlatforms) = postSolution
		{8548EFE2-7EF6-48FD-9779-160744342906}.Debug|x64.ActiveCfg = Debug|x64
		{8548EFE2-7EF6-48FD-9779-160744342906}.Debug|x64.Build.0 = Debug|x64
		{8548EFE2-7EF6-48FD-9779-160744342906}.Debug|x86.ActiveCfg = Debug|Win32
		{8548EFE2-7EF6-48FD-9779-160744342906}.Debug|x86.Build.0 = Debug|Win32
		{8548EFE2-7EF6-48FD-9779-160744342906}.Release|x64.ActiveCfg = Release|x64
		{8548EFE2-7EF6-48FD-9779-160744342906}.Release|x64.Build.0 = Release|x64
		{8548EFE2-7EF6-48FD-9779-160744342906}.Release|x86.ActiveCfg = Release|Win32
		{8548EFE2-7EF6-48FD-9779-160744342906}.Release|x86.Build.0 = Release|Win32
	EndGlobalSection
	GlobalSection(SolutionProperties) = preSolution
		HideSolutionNode = FALSE
	EndGlobalSection
	GlobalSection(ExtensibilityGlobals) = postSolution
		SolutionGuid = {07465ABC-02E4-4F3A-B079-26F5B4233AC8}
	EndGlobalSection
EndGlobal
