
Microsoft Visual Studio Solution File, Format Version 12.00
# Visual Studio Version 17
VisualStudioVersion = 17.7.34221.43
MinimumVisualStudioVersion = 10.0.40219.1
Project("{8BC9CEB8-8B4A-11D0-8D11-00A0C91BC942}") = "homework_04_03_02", "homework_04_03_02\homework_04_03_02.vcxproj", "{A11406CE-55C9-4CF8-9E6D-F5134AC8779A}"
EndProject
Global
	GlobalSection(SolutionConfigurationPlatforms) = preSolution
		Debug|x64 = Debug|x64
		Debug|x86 = Debug|x86
		Release|x64 = Release|x64
		Release|x86 = Release|x86
	EndGlobalSection
	GlobalSection(ProjectConfigurationPlatforms) = postSolution
		{A11406CE-55C9-4CF8-9E6D-F5134AC8779A}.Debug|x64.ActiveCfg = Debug|x64
		{A11406CE-55C9-4CF8-9E6D-F5134AC8779A}.Debug|x64.Build.0 = Debug|x64
		{A11406CE-55C9-4CF8-9E6D-F5134AC8779A}.Debug|x86.ActiveCfg = Debug|Win32
		{A11406CE-55C9-4CF8-9E6D-F5134AC8779A}.Debug|x86.Build.0 = Debug|Win32
		{A11406CE-55C9-4CF8-9E6D-F5134AC8779A}.Release|x64.ActiveCfg = Release|x64
		{A11406CE-55C9-4CF8-9E6D-F5134AC8779A}.Release|x64.Build.0 = Release|x64
		{A11406CE-55C9-4CF8-9E6D-F5134AC8779A}.Release|x86.ActiveCfg = Release|Win32
		{A11406CE-55C9-4CF8-9E6D-F5134AC8779A}.Release|x86.Build.0 = Release|Win32
	EndGlobalSection
	GlobalSection(SolutionProperties) = preSolution
		HideSolutionNode = FALSE
	EndGlobalSection
	GlobalSection(ExtensibilityGlobals) = postSolution
		SolutionGuid = {3418815F-316C-41EC-9AF2-B829EF025995}
	EndGlobalSection
EndGlobal
